// !$*UTF8*$!
{
	archiveVersion = 1;
	classes = {
	};
	objectVersion = 56;
	objects = {

/* Begin PBXBuildFile section */
		7E228BBE29E1222C00C363FB /* ExpenseType.swift in Sources */ = {isa = PBXBuildFile; fileRef = 7E228BBD29E1222C00C363FB /* ExpenseType.swift */; };
		7E228BC029E12F2800C363FB /* Expense.swift in Sources */ = {isa = PBXBuildFile; fileRef = 7E228BBF29E12F2800C363FB /* Expense.swift */; };
		7E4460D729D49EFD00CC13A8 /* AlineApp.swift in Sources */ = {isa = PBXBuildFile; fileRef = 7E4460D629D49EFD00CC13A8 /* AlineApp.swift */; };
		7E4460D929D49EFD00CC13A8 /* ContentView.swift in Sources */ = {isa = PBXBuildFile; fileRef = 7E4460D829D49EFD00CC13A8 /* ContentView.swift */; };
		7E4460DB29D49EFE00CC13A8 /* Assets.xcassets in Resources */ = {isa = PBXBuildFile; fileRef = 7E4460DA29D49EFE00CC13A8 /* Assets.xcassets */; };
		7E4460DE29D49EFE00CC13A8 /* Preview Assets.xcassets in Resources */ = {isa = PBXBuildFile; fileRef = 7E4460DD29D49EFE00CC13A8 /* Preview Assets.xcassets */; };
		7E51BC4629D4C1A700D6D33C /* SalesView.swift in Sources */ = {isa = PBXBuildFile; fileRef = 7E51BC4529D4C1A700D6D33C /* SalesView.swift */; };
		7E51BC5229D51C9A00D6D33C /* TipsView.swift in Sources */ = {isa = PBXBuildFile; fileRef = 7E51BC5129D51C9A00D6D33C /* TipsView.swift */; };
		7E51BC5429D51CAA00D6D33C /* DepositsView.swift in Sources */ = {isa = PBXBuildFile; fileRef = 7E51BC5329D51CAA00D6D33C /* DepositsView.swift */; };
		7E51BC5629D51CB200D6D33C /* ChecksView.swift in Sources */ = {isa = PBXBuildFile; fileRef = 7E51BC5529D51CB200D6D33C /* ChecksView.swift */; };
		7E51BC5829D51CD300D6D33C /* EmployeesView.swift in Sources */ = {isa = PBXBuildFile; fileRef = 7E51BC5729D51CD300D6D33C /* EmployeesView.swift */; };
		7E51BC5A29D51CD900D6D33C /* SpendingsView.swift in Sources */ = {isa = PBXBuildFile; fileRef = 7E51BC5929D51CD900D6D33C /* SpendingsView.swift */; };
		7E51BC5C29D51CE400D6D33C /* BeneficiariosView.swift in Sources */ = {isa = PBXBuildFile; fileRef = 7E51BC5B29D51CE400D6D33C /* BeneficiariosView.swift */; };
		7E51BC5E29D51CF400D6D33C /* PayRollView.swift in Sources */ = {isa = PBXBuildFile; fileRef = 7E51BC5D29D51CF400D6D33C /* PayRollView.swift */; };
		7E51BC6029D51CFC00D6D33C /* ContadorView.swift in Sources */ = {isa = PBXBuildFile; fileRef = 7E51BC5F29D51CFC00D6D33C /* ContadorView.swift */; };
		7E51BC6229D51E1000D6D33C /* Employee.swift in Sources */ = {isa = PBXBuildFile; fileRef = 7E51BC6129D51E1000D6D33C /* Employee.swift */; };
		7E51BC6829D5398400D6D33C /* Contador.swift in Sources */ = {isa = PBXBuildFile; fileRef = 7E51BC6729D5398400D6D33C /* Contador.swift */; };
		7E51BC6C29D540AD00D6D33C /* Styles.swift in Sources */ = {isa = PBXBuildFile; fileRef = 7E51BC6B29D540AD00D6D33C /* Styles.swift */; };
		7E51BC6E29D5433400D6D33C /* Deposit.swift in Sources */ = {isa = PBXBuildFile; fileRef = 7E51BC6D29D5433400D6D33C /* Deposit.swift */; };
		7E51BC7029D5562B00D6D33C /* User.swift in Sources */ = {isa = PBXBuildFile; fileRef = 7E51BC6F29D5562B00D6D33C /* User.swift */; };
		7E51BC7529D55EE800D6D33C /* UserViewModel.swift in Sources */ = {isa = PBXBuildFile; fileRef = 7E51BC7429D55EE800D6D33C /* UserViewModel.swift */; };
		7E51BC7829D5647D00D6D33C /* AccountView.swift in Sources */ = {isa = PBXBuildFile; fileRef = 7E51BC7729D5647D00D6D33C /* AccountView.swift */; };
		7E51BC7B29D565F400D6D33C /* LogInView.swift in Sources */ = {isa = PBXBuildFile; fileRef = 7E51BC7A29D565F400D6D33C /* LogInView.swift */; };
		7E51BC7D29D5660000D6D33C /* SignInView.swift in Sources */ = {isa = PBXBuildFile; fileRef = 7E51BC7C29D5660000D6D33C /* SignInView.swift */; };
		7E6837A429D865D400356B52 /* iCloudOffView.swift in Sources */ = {isa = PBXBuildFile; fileRef = 7E6837A329D865D400356B52 /* iCloudOffView.swift */; };
		7E697E0029D60B7400C500FA /* Restaurant.swift in Sources */ = {isa = PBXBuildFile; fileRef = 7E697DFF29D60B7400C500FA /* Restaurant.swift */; };
		7E697E2829D66BF500C500FA /* RestaurantViewModel.swift in Sources */ = {isa = PBXBuildFile; fileRef = 7E697E2729D66BF500C500FA /* RestaurantViewModel.swift */; };
		7E782A5329D4BDC200556F99 /* MenuView.swift in Sources */ = {isa = PBXBuildFile; fileRef = 7E782A5229D4BDC200556F99 /* MenuView.swift */; };
		7E80B12B29DDEED0006CAC82 /* CashOutView.swift in Sources */ = {isa = PBXBuildFile; fileRef = 7E80B12A29DDEED0006CAC82 /* CashOutView.swift */; };
		7E80B14729DFF03A006CAC82 /* EmployeeViewModel.swift in Sources */ = {isa = PBXBuildFile; fileRef = 7E80B14629DFF03A006CAC82 /* EmployeeViewModel.swift */; };
		7ED03AAD29E64FEE00707A18 /* ExpenseViewModel.swift in Sources */ = {isa = PBXBuildFile; fileRef = 7ED03AAC29E64FEE00707A18 /* ExpenseViewModel.swift */; };
		A70C61C12A7AB2BF005D640E /* Conection.swift in Sources */ = {isa = PBXBuildFile; fileRef = A70C61C02A7AB2BF005D640E /* Conection.swift */; };
		A70C61C32A7AB82F005D640E /* ConectionInvitation.swift in Sources */ = {isa = PBXBuildFile; fileRef = A70C61C22A7AB82F005D640E /* ConectionInvitation.swift */; };
		A70C61C52A7AC1CC005D640E /* ConectionSentView.swift in Sources */ = {isa = PBXBuildFile; fileRef = A70C61C42A7AC1CC005D640E /* ConectionSentView.swift */; };
		A70C61C72A7ACBF3005D640E /* ConectionReceivedView.swift in Sources */ = {isa = PBXBuildFile; fileRef = A70C61C62A7ACBF3005D640E /* ConectionReceivedView.swift */; };
		A712C47C2A828CFC001B9C50 /* AlertType.swift in Sources */ = {isa = PBXBuildFile; fileRef = A712C47B2A828CFC001B9C50 /* AlertType.swift */; };
		A72A46742A4E65D5008CA2EE /* LoadingView.swift in Sources */ = {isa = PBXBuildFile; fileRef = A72A46732A4E65D5008CA2EE /* LoadingView.swift */; };
		A73646DD2A93DFCE00FB5488 /* DateFormatting.swift in Sources */ = {isa = PBXBuildFile; fileRef = A73646DC2A93DFCE00FB5488 /* DateFormatting.swift */; };
		A7460F0F2A8996B400760BF3 /* EditableName.swift in Sources */ = {isa = PBXBuildFile; fileRef = A7460F0E2A8996B400760BF3 /* EditableName.swift */; };
		A7460F112A89979500760BF3 /* AlineColors.swift in Sources */ = {isa = PBXBuildFile; fileRef = A7460F102A89979500760BF3 /* AlineColors.swift */; };
		A76BD6D62A66B703007043CC /* Keys.swift in Sources */ = {isa = PBXBuildFile; fileRef = A76BD6D52A66B703007043CC /* Keys.swift */; };
		A772C4F82A965E4000B7632E /* Buttons.swift in Sources */ = {isa = PBXBuildFile; fileRef = A772C4F72A965E4000B7632E /* Buttons.swift */; };
		A772C4FA2A967FC200B7632E /* Sections.swift in Sources */ = {isa = PBXBuildFile; fileRef = A772C4F92A967FC200B7632E /* Sections.swift */; };
		A78AD50A2A9F06ED005495E7 /* SalesCashOutView.swift in Sources */ = {isa = PBXBuildFile; fileRef = A78AD5092A9F06ED005495E7 /* SalesCashOutView.swift */; };
		A78AD50C2A9F7747005495E7 /* TipsCashOutView.swift in Sources */ = {isa = PBXBuildFile; fileRef = A78AD50B2A9F7747005495E7 /* TipsCashOutView.swift */; };
		A78AD50E2A9F8B5B005495E7 /* Sale.swift in Sources */ = {isa = PBXBuildFile; fileRef = A78AD50D2A9F8B5B005495E7 /* Sale.swift */; };
		A78AD5102A9F91EF005495E7 /* SaleViewModel.swift in Sources */ = {isa = PBXBuildFile; fileRef = A78AD50F2A9F91EF005495E7 /* SaleViewModel.swift */; };
		A78AD52F2AA183DC005495E7 /* Collection.swift in Sources */ = {isa = PBXBuildFile; fileRef = A78AD52E2AA183DC005495E7 /* Collection.swift */; };
		A79687172A69981B00EA29CE /* AccentColor.swift in Sources */ = {isa = PBXBuildFile; fileRef = A79687162A69981B00EA29CE /* AccentColor.swift */; };
		A79E077F2A8D408D007C0195 /* BoolsExtension.swift in Sources */ = {isa = PBXBuildFile; fileRef = A79E077E2A8D408D007C0195 /* BoolsExtension.swift */; };
		A79E07822A8D4E99007C0195 /* Camera.swift in Sources */ = {isa = PBXBuildFile; fileRef = A79E07812A8D4E99007C0195 /* Camera.swift */; };
		A79E11162A798EE3004D59C8 /* EditableEmail.swift in Sources */ = {isa = PBXBuildFile; fileRef = A79E11152A798EE3004D59C8 /* EditableEmail.swift */; };
		A7A45D2B2A82CB4A00871C62 /* UserInformationView.swift in Sources */ = {isa = PBXBuildFile; fileRef = A7A45D2A2A82CB4A00871C62 /* UserInformationView.swift */; };
		A7A45D2D2A82CBC700871C62 /* RestaurantsListView.swift in Sources */ = {isa = PBXBuildFile; fileRef = A7A45D2C2A82CBC700871C62 /* RestaurantsListView.swift */; };
		A7A45D2F2A82CCFB00871C62 /* ConectionsListView.swift in Sources */ = {isa = PBXBuildFile; fileRef = A7A45D2E2A82CCFB00871C62 /* ConectionsListView.swift */; };
		A7A9F7BD2A5F9869000F7554 /* DepositViewModel.swift in Sources */ = {isa = PBXBuildFile; fileRef = A7A9F7BC2A5F9869000F7554 /* DepositViewModel.swift */; };
		A7B2D00A2A58F8760087FE74 /* RestaurantView.swift in Sources */ = {isa = PBXBuildFile; fileRef = A7B2D0092A58F8760087FE74 /* RestaurantView.swift */; };
		A7BB726C2A73825900FFF5AC /* MailCore2 in Frameworks */ = {isa = PBXBuildFile; productRef = A7BB726B2A73825900FFF5AC /* MailCore2 */; };
		A7BB726F2A7382AC00FFF5AC /* MailSMTP.swift in Sources */ = {isa = PBXBuildFile; fileRef = A7BB726E2A7382AC00FFF5AC /* MailSMTP.swift */; };
		A7BB72712A741B9A00FFF5AC /* VerifyLoginEmail.swift in Sources */ = {isa = PBXBuildFile; fileRef = A7BB72702A741B9A00FFF5AC /* VerifyLoginEmail.swift */; };
		A7BB72752A74E29900FFF5AC /* VerifyNewEmail.swift in Sources */ = {isa = PBXBuildFile; fileRef = A7BB72742A74E29900FFF5AC /* VerifyNewEmail.swift */; };
		A7C300C02A735E2E006439B8 /* ConectionsView.swift in Sources */ = {isa = PBXBuildFile; fileRef = A7C300BF2A735E2E006439B8 /* ConectionsView.swift */; };
		A7C300C22A736232006439B8 /* ConectionView.swift in Sources */ = {isa = PBXBuildFile; fileRef = A7C300C12A736232006439B8 /* ConectionView.swift */; };
		A7CE7CCD2A73527F00CFC930 /* ConectionViewModel.swift in Sources */ = {isa = PBXBuildFile; fileRef = A7CE7CCC2A73527F00CFC930 /* ConectionViewModel.swift */; };
		A7D7E0ED2A79E08200886BC8 /* NewConectionView.swift in Sources */ = {isa = PBXBuildFile; fileRef = A7D7E0EC2A79E08200886BC8 /* NewConectionView.swift */; };
		A7E185C42A81CE4300C71501 /* Sheet.swift in Sources */ = {isa = PBXBuildFile; fileRef = A7E185C32A81CE4300C71501 /* Sheet.swift */; };
		A7E185C62A81D14100C71501 /* LoadingIfNotReady.swift in Sources */ = {isa = PBXBuildFile; fileRef = A7E185C52A81D14100C71501 /* LoadingIfNotReady.swift */; };
		A7E185C82A81D1A300C71501 /* WhiteArea.swift in Sources */ = {isa = PBXBuildFile; fileRef = A7E185C72A81D1A300C71501 /* WhiteArea.swift */; };
		A7E185CA2A81D1BA00C71501 /* ViewStruct.swift in Sources */ = {isa = PBXBuildFile; fileRef = A7E185C92A81D1BA00C71501 /* ViewStruct.swift */; };
		A7EDC38D2A9D21EA00C906A2 /* DecimalField.swift in Sources */ = {isa = PBXBuildFile; fileRef = A7EDC38C2A9D21EA00C906A2 /* DecimalField.swift */; };
/* End PBXBuildFile section */

/* Begin PBXContainerItemProxy section */
		7E4460E429D49EFE00CC13A8 /* PBXContainerItemProxy */ = {
			isa = PBXContainerItemProxy;
			containerPortal = 7E4460CB29D49EFD00CC13A8 /* Project object */;
			proxyType = 1;
			remoteGlobalIDString = 7E4460D229D49EFD00CC13A8;
			remoteInfo = Jalisco_Dashboard;
		};
		7E4460EE29D49EFE00CC13A8 /* PBXContainerItemProxy */ = {
			isa = PBXContainerItemProxy;
			containerPortal = 7E4460CB29D49EFD00CC13A8 /* Project object */;
			proxyType = 1;
			remoteGlobalIDString = 7E4460D229D49EFD00CC13A8;
			remoteInfo = Jalisco_Dashboard;
		};
/* End PBXContainerItemProxy section */

/* Begin PBXFileReference section */
		7E228BBD29E1222C00C363FB /* ExpenseType.swift */ = {isa = PBXFileReference; lastKnownFileType = sourcecode.swift; path = ExpenseType.swift; sourceTree = "<group>"; };
		7E228BBF29E12F2800C363FB /* Expense.swift */ = {isa = PBXFileReference; lastKnownFileType = sourcecode.swift; path = Expense.swift; sourceTree = "<group>"; };
		7E4460D629D49EFD00CC13A8 /* AlineApp.swift */ = {isa = PBXFileReference; lastKnownFileType = sourcecode.swift; path = AlineApp.swift; sourceTree = "<group>"; };
		7E4460D829D49EFD00CC13A8 /* ContentView.swift */ = {isa = PBXFileReference; lastKnownFileType = sourcecode.swift; path = ContentView.swift; sourceTree = "<group>"; };
		7E4460DA29D49EFE00CC13A8 /* Assets.xcassets */ = {isa = PBXFileReference; lastKnownFileType = folder.assetcatalog; path = Assets.xcassets; sourceTree = "<group>"; };
		7E4460DD29D49EFE00CC13A8 /* Preview Assets.xcassets */ = {isa = PBXFileReference; lastKnownFileType = folder.assetcatalog; path = "Preview Assets.xcassets"; sourceTree = "<group>"; };
		7E51BC4529D4C1A700D6D33C /* SalesView.swift */ = {isa = PBXFileReference; lastKnownFileType = sourcecode.swift; path = SalesView.swift; sourceTree = "<group>"; wrapsLines = 0; };
		7E51BC5129D51C9A00D6D33C /* TipsView.swift */ = {isa = PBXFileReference; lastKnownFileType = sourcecode.swift; path = TipsView.swift; sourceTree = "<group>"; };
		7E51BC5329D51CAA00D6D33C /* DepositsView.swift */ = {isa = PBXFileReference; lastKnownFileType = sourcecode.swift; path = DepositsView.swift; sourceTree = "<group>"; };
		7E51BC5529D51CB200D6D33C /* ChecksView.swift */ = {isa = PBXFileReference; lastKnownFileType = sourcecode.swift; path = ChecksView.swift; sourceTree = "<group>"; };
		7E51BC5729D51CD300D6D33C /* EmployeesView.swift */ = {isa = PBXFileReference; lastKnownFileType = sourcecode.swift; path = EmployeesView.swift; sourceTree = "<group>"; };
		7E51BC5929D51CD900D6D33C /* SpendingsView.swift */ = {isa = PBXFileReference; lastKnownFileType = sourcecode.swift; path = SpendingsView.swift; sourceTree = "<group>"; };
		7E51BC5B29D51CE400D6D33C /* BeneficiariosView.swift */ = {isa = PBXFileReference; lastKnownFileType = sourcecode.swift; path = BeneficiariosView.swift; sourceTree = "<group>"; };
		7E51BC5D29D51CF400D6D33C /* PayRollView.swift */ = {isa = PBXFileReference; lastKnownFileType = sourcecode.swift; path = PayRollView.swift; sourceTree = "<group>"; };
		7E51BC5F29D51CFC00D6D33C /* ContadorView.swift */ = {isa = PBXFileReference; lastKnownFileType = sourcecode.swift; path = ContadorView.swift; sourceTree = "<group>"; };
		7E51BC6129D51E1000D6D33C /* Employee.swift */ = {isa = PBXFileReference; lastKnownFileType = sourcecode.swift; path = Employee.swift; sourceTree = "<group>"; };
		7E51BC6329D51F9500D6D33C /* Aline.entitlements */ = {isa = PBXFileReference; lastKnownFileType = text.plist.entitlements; path = Aline.entitlements; sourceTree = "<group>"; };
		7E51BC6729D5398400D6D33C /* Contador.swift */ = {isa = PBXFileReference; lastKnownFileType = sourcecode.swift; path = Contador.swift; sourceTree = "<group>"; };
		7E51BC6B29D540AD00D6D33C /* Styles.swift */ = {isa = PBXFileReference; lastKnownFileType = sourcecode.swift; path = Styles.swift; sourceTree = "<group>"; };
		7E51BC6D29D5433400D6D33C /* Deposit.swift */ = {isa = PBXFileReference; lastKnownFileType = sourcecode.swift; path = Deposit.swift; sourceTree = "<group>"; };
		7E51BC6F29D5562B00D6D33C /* User.swift */ = {isa = PBXFileReference; lastKnownFileType = sourcecode.swift; path = User.swift; sourceTree = "<group>"; };
		7E51BC7429D55EE800D6D33C /* UserViewModel.swift */ = {isa = PBXFileReference; lastKnownFileType = sourcecode.swift; path = UserViewModel.swift; sourceTree = "<group>"; };
		7E51BC7729D5647D00D6D33C /* AccountView.swift */ = {isa = PBXFileReference; lastKnownFileType = sourcecode.swift; path = AccountView.swift; sourceTree = "<group>"; };
		7E51BC7A29D565F400D6D33C /* LogInView.swift */ = {isa = PBXFileReference; lastKnownFileType = sourcecode.swift; path = LogInView.swift; sourceTree = "<group>"; };
		7E51BC7C29D5660000D6D33C /* SignInView.swift */ = {isa = PBXFileReference; lastKnownFileType = sourcecode.swift; path = SignInView.swift; sourceTree = "<group>"; wrapsLines = 0; };
		7E6837A329D865D400356B52 /* iCloudOffView.swift */ = {isa = PBXFileReference; lastKnownFileType = sourcecode.swift; path = iCloudOffView.swift; sourceTree = "<group>"; wrapsLines = 0; };
		7E697DFF29D60B7400C500FA /* Restaurant.swift */ = {isa = PBXFileReference; lastKnownFileType = sourcecode.swift; path = Restaurant.swift; sourceTree = "<group>"; };
		7E697E2729D66BF500C500FA /* RestaurantViewModel.swift */ = {isa = PBXFileReference; lastKnownFileType = sourcecode.swift; path = RestaurantViewModel.swift; sourceTree = "<group>"; };
		7E782A5229D4BDC200556F99 /* MenuView.swift */ = {isa = PBXFileReference; lastKnownFileType = sourcecode.swift; path = MenuView.swift; sourceTree = "<group>"; wrapsLines = 0; };
		7E80B12A29DDEED0006CAC82 /* CashOutView.swift */ = {isa = PBXFileReference; lastKnownFileType = sourcecode.swift; path = CashOutView.swift; sourceTree = "<group>"; };
		7E80B14629DFF03A006CAC82 /* EmployeeViewModel.swift */ = {isa = PBXFileReference; lastKnownFileType = sourcecode.swift; path = EmployeeViewModel.swift; sourceTree = "<group>"; };
		7E98074529DA0C16001AA024 /* Aline-Info.plist */ = {isa = PBXFileReference; lastKnownFileType = text.plist.xml; path = "Aline-Info.plist"; sourceTree = SOURCE_ROOT; };
		7ED03AAC29E64FEE00707A18 /* ExpenseViewModel.swift */ = {isa = PBXFileReference; lastKnownFileType = sourcecode.swift; path = ExpenseViewModel.swift; sourceTree = "<group>"; wrapsLines = 0; };
		A70C61C02A7AB2BF005D640E /* Conection.swift */ = {isa = PBXFileReference; lastKnownFileType = sourcecode.swift; path = Conection.swift; sourceTree = "<group>"; };
		A70C61C22A7AB82F005D640E /* ConectionInvitation.swift */ = {isa = PBXFileReference; lastKnownFileType = sourcecode.swift; path = ConectionInvitation.swift; sourceTree = "<group>"; };
		A70C61C42A7AC1CC005D640E /* ConectionSentView.swift */ = {isa = PBXFileReference; lastKnownFileType = sourcecode.swift; path = ConectionSentView.swift; sourceTree = "<group>"; };
		A70C61C62A7ACBF3005D640E /* ConectionReceivedView.swift */ = {isa = PBXFileReference; lastKnownFileType = sourcecode.swift; path = ConectionReceivedView.swift; sourceTree = "<group>"; };
		A712C47B2A828CFC001B9C50 /* AlertType.swift */ = {isa = PBXFileReference; lastKnownFileType = sourcecode.swift; path = AlertType.swift; sourceTree = "<group>"; };
		A72A46732A4E65D5008CA2EE /* LoadingView.swift */ = {isa = PBXFileReference; lastKnownFileType = sourcecode.swift; path = LoadingView.swift; sourceTree = "<group>"; wrapsLines = 0; };
		A73646DC2A93DFCE00FB5488 /* DateFormatting.swift */ = {isa = PBXFileReference; lastKnownFileType = sourcecode.swift; path = DateFormatting.swift; sourceTree = "<group>"; };
		A7460F0E2A8996B400760BF3 /* EditableName.swift */ = {isa = PBXFileReference; lastKnownFileType = sourcecode.swift; path = EditableName.swift; sourceTree = "<group>"; };
		A7460F102A89979500760BF3 /* AlineColors.swift */ = {isa = PBXFileReference; lastKnownFileType = sourcecode.swift; path = AlineColors.swift; sourceTree = "<group>"; };
		A747B77B2A6AEEBA00FBB2E4 /* AlineTests.xctest */ = {isa = PBXFileReference; explicitFileType = wrapper.cfbundle; includeInIndex = 0; path = AlineTests.xctest; sourceTree = BUILT_PRODUCTS_DIR; };
		A747B77C2A6AEEBA00FBB2E4 /* AlineUITests.xctest */ = {isa = PBXFileReference; explicitFileType = wrapper.cfbundle; includeInIndex = 0; path = AlineUITests.xctest; sourceTree = BUILT_PRODUCTS_DIR; };
		A76BD6D52A66B703007043CC /* Keys.swift */ = {isa = PBXFileReference; lastKnownFileType = sourcecode.swift; path = Keys.swift; sourceTree = "<group>"; };
		A772C4F72A965E4000B7632E /* Buttons.swift */ = {isa = PBXFileReference; lastKnownFileType = sourcecode.swift; path = Buttons.swift; sourceTree = "<group>"; };
		A772C4F92A967FC200B7632E /* Sections.swift */ = {isa = PBXFileReference; lastKnownFileType = sourcecode.swift; path = Sections.swift; sourceTree = "<group>"; };
		A78AD5092A9F06ED005495E7 /* SalesCashOutView.swift */ = {isa = PBXFileReference; lastKnownFileType = sourcecode.swift; path = SalesCashOutView.swift; sourceTree = "<group>"; };
		A78AD50B2A9F7747005495E7 /* TipsCashOutView.swift */ = {isa = PBXFileReference; lastKnownFileType = sourcecode.swift; path = TipsCashOutView.swift; sourceTree = "<group>"; };
		A78AD50D2A9F8B5B005495E7 /* Sale.swift */ = {isa = PBXFileReference; lastKnownFileType = sourcecode.swift; path = Sale.swift; sourceTree = "<group>"; };
		A78AD50F2A9F91EF005495E7 /* SaleViewModel.swift */ = {isa = PBXFileReference; lastKnownFileType = sourcecode.swift; path = SaleViewModel.swift; sourceTree = "<group>"; };
		A78AD52E2AA183DC005495E7 /* Collection.swift */ = {isa = PBXFileReference; lastKnownFileType = sourcecode.swift; path = Collection.swift; sourceTree = "<group>"; };
		A79687162A69981B00EA29CE /* AccentColor.swift */ = {isa = PBXFileReference; lastKnownFileType = sourcecode.swift; path = AccentColor.swift; sourceTree = "<group>"; };
		A79E077E2A8D408D007C0195 /* BoolsExtension.swift */ = {isa = PBXFileReference; lastKnownFileType = sourcecode.swift; path = BoolsExtension.swift; sourceTree = "<group>"; };
		A79E07812A8D4E99007C0195 /* Camera.swift */ = {isa = PBXFileReference; lastKnownFileType = sourcecode.swift; path = Camera.swift; sourceTree = "<group>"; };
		A79E11152A798EE3004D59C8 /* EditableEmail.swift */ = {isa = PBXFileReference; lastKnownFileType = sourcecode.swift; path = EditableEmail.swift; sourceTree = "<group>"; };
		A7A45D2A2A82CB4A00871C62 /* UserInformationView.swift */ = {isa = PBXFileReference; lastKnownFileType = sourcecode.swift; path = UserInformationView.swift; sourceTree = "<group>"; };
		A7A45D2C2A82CBC700871C62 /* RestaurantsListView.swift */ = {isa = PBXFileReference; lastKnownFileType = sourcecode.swift; path = RestaurantsListView.swift; sourceTree = "<group>"; };
		A7A45D2E2A82CCFB00871C62 /* ConectionsListView.swift */ = {isa = PBXFileReference; lastKnownFileType = sourcecode.swift; path = ConectionsListView.swift; sourceTree = "<group>"; };
		A7A9F7BC2A5F9869000F7554 /* DepositViewModel.swift */ = {isa = PBXFileReference; lastKnownFileType = sourcecode.swift; path = DepositViewModel.swift; sourceTree = "<group>"; wrapsLines = 0; };
		A7B2D0092A58F8760087FE74 /* RestaurantView.swift */ = {isa = PBXFileReference; indentWidth = 4; lastKnownFileType = sourcecode.swift; path = RestaurantView.swift; sourceTree = "<group>"; tabWidth = 4; usesTabs = 0; wrapsLines = 0; };
		A7BB726E2A7382AC00FFF5AC /* MailSMTP.swift */ = {isa = PBXFileReference; lastKnownFileType = sourcecode.swift; path = MailSMTP.swift; sourceTree = "<group>"; };
		A7BB72702A741B9A00FFF5AC /* VerifyLoginEmail.swift */ = {isa = PBXFileReference; lastKnownFileType = sourcecode.swift; path = VerifyLoginEmail.swift; sourceTree = "<group>"; };
		A7BB72742A74E29900FFF5AC /* VerifyNewEmail.swift */ = {isa = PBXFileReference; lastKnownFileType = sourcecode.swift; path = VerifyNewEmail.swift; sourceTree = "<group>"; };
		A7C300BF2A735E2E006439B8 /* ConectionsView.swift */ = {isa = PBXFileReference; lastKnownFileType = sourcecode.swift; path = ConectionsView.swift; sourceTree = "<group>"; };
		A7C300C12A736232006439B8 /* ConectionView.swift */ = {isa = PBXFileReference; lastKnownFileType = sourcecode.swift; path = ConectionView.swift; sourceTree = "<group>"; };
		A7C329A92A69A23B002B4E41 /* Aline.app */ = {isa = PBXFileReference; explicitFileType = wrapper.application; includeInIndex = 0; path = Aline.app; sourceTree = BUILT_PRODUCTS_DIR; };
		A7CE7CCC2A73527F00CFC930 /* ConectionViewModel.swift */ = {isa = PBXFileReference; lastKnownFileType = sourcecode.swift; path = ConectionViewModel.swift; sourceTree = "<group>"; };
		A7D7E0EC2A79E08200886BC8 /* NewConectionView.swift */ = {isa = PBXFileReference; lastKnownFileType = sourcecode.swift; path = NewConectionView.swift; sourceTree = "<group>"; };
		A7E185C32A81CE4300C71501 /* Sheet.swift */ = {isa = PBXFileReference; lastKnownFileType = sourcecode.swift; path = Sheet.swift; sourceTree = "<group>"; };
		A7E185C52A81D14100C71501 /* LoadingIfNotReady.swift */ = {isa = PBXFileReference; lastKnownFileType = sourcecode.swift; path = LoadingIfNotReady.swift; sourceTree = "<group>"; };
		A7E185C72A81D1A300C71501 /* WhiteArea.swift */ = {isa = PBXFileReference; lastKnownFileType = sourcecode.swift; path = WhiteArea.swift; sourceTree = "<group>"; };
		A7E185C92A81D1BA00C71501 /* ViewStruct.swift */ = {isa = PBXFileReference; lastKnownFileType = sourcecode.swift; path = ViewStruct.swift; sourceTree = "<group>"; };
		A7EDC38C2A9D21EA00C906A2 /* DecimalField.swift */ = {isa = PBXFileReference; lastKnownFileType = sourcecode.swift; path = DecimalField.swift; sourceTree = "<group>"; };
/* End PBXFileReference section */

/* Begin PBXFrameworksBuildPhase section */
		7E4460D029D49EFD00CC13A8 /* Frameworks */ = {
			isa = PBXFrameworksBuildPhase;
			buildActionMask = 2147483647;
			files = (
				A7BB726C2A73825900FFF5AC /* MailCore2 in Frameworks */,
			);
			runOnlyForDeploymentPostprocessing = 0;
		};
		7E4460E029D49EFE00CC13A8 /* Frameworks */ = {
			isa = PBXFrameworksBuildPhase;
			buildActionMask = 2147483647;
			files = (
			);
			runOnlyForDeploymentPostprocessing = 0;
		};
		7E4460EA29D49EFE00CC13A8 /* Frameworks */ = {
			isa = PBXFrameworksBuildPhase;
			buildActionMask = 2147483647;
			files = (
			);
			runOnlyForDeploymentPostprocessing = 0;
		};
/* End PBXFrameworksBuildPhase section */

/* Begin PBXGroup section */
		7E4460CA29D49EFD00CC13A8 = {
			isa = PBXGroup;
			children = (
				7E4460D529D49EFD00CC13A8 /* Aline */,
				A7C329A92A69A23B002B4E41 /* Aline.app */,
				A747B77B2A6AEEBA00FBB2E4 /* AlineTests.xctest */,
				A747B77C2A6AEEBA00FBB2E4 /* AlineUITests.xctest */,
			);
			sourceTree = "<group>";
		};
		7E4460D529D49EFD00CC13A8 /* Aline */ = {
			isa = PBXGroup;
			children = (
				7E98074529DA0C16001AA024 /* Aline-Info.plist */,
				7E51BC6329D51F9500D6D33C /* Aline.entitlements */,
				7E4460D629D49EFD00CC13A8 /* AlineApp.swift */,
				7E4460D829D49EFD00CC13A8 /* ContentView.swift */,
				7E4460DA29D49EFE00CC13A8 /* Assets.xcassets */,
				A74530672A5F956500D7D890 /* View */,
				A74530642A5F735400D7D890 /* Models */,
				A74530662A5F954C00D7D890 /* ViewModels */,
				A79687152A69978500EA29CE /* Configurations */,
				A78AD52D2AA183BE005495E7 /* Extensions */,
				A79E07802A8D4E1B007C0195 /* Camera */,
				A7BB726D2A73827100FFF5AC /* MailSender */,
				7E4460DC29D49EFE00CC13A8 /* Preview Content */,
			);
			path = Aline;
			sourceTree = "<group>";
		};
		7E4460DC29D49EFE00CC13A8 /* Preview Content */ = {
			isa = PBXGroup;
			children = (
				7E4460DD29D49EFE00CC13A8 /* Preview Assets.xcassets */,
			);
			path = "Preview Content";
			sourceTree = "<group>";
		};
		7E51BC4729D51BD000D6D33C /* Menu */ = {
			isa = PBXGroup;
			children = (
				7E782A5229D4BDC200556F99 /* MenuView.swift */,
				7E80B12929DDEEC1006CAC82 /* CashOut */,
				7E51BC4829D51BF900D6D33C /* Sales */,
				7E51BC4929D51C0800D6D33C /* Tips */,
				7E51BC4A29D51C1300D6D33C /* Deposits */,
				7E51BC4B29D51C1B00D6D33C /* Checks */,
				7E51BC4C29D51C2400D6D33C /* Employees */,
				7E51BC4D29D51C2D00D6D33C /* Spendings */,
				7E51BC4E29D51C3400D6D33C /* Beneficiarios */,
				7E51BC4F29D51C3E00D6D33C /* PayRoll */,
				7E51BC5029D51C5300D6D33C /* Contador */,
				7E51BC7629D5646600D6D33C /* Cuenta */,
			);
			path = Menu;
			sourceTree = "<group>";
		};
		7E51BC4829D51BF900D6D33C /* Sales */ = {
			isa = PBXGroup;
			children = (
				7E51BC4529D4C1A700D6D33C /* SalesView.swift */,
			);
			path = Sales;
			sourceTree = "<group>";
		};
		7E51BC4929D51C0800D6D33C /* Tips */ = {
			isa = PBXGroup;
			children = (
				7E51BC5129D51C9A00D6D33C /* TipsView.swift */,
			);
			path = Tips;
			sourceTree = "<group>";
		};
		7E51BC4A29D51C1300D6D33C /* Deposits */ = {
			isa = PBXGroup;
			children = (
				7E51BC5329D51CAA00D6D33C /* DepositsView.swift */,
			);
			path = Deposits;
			sourceTree = "<group>";
		};
		7E51BC4B29D51C1B00D6D33C /* Checks */ = {
			isa = PBXGroup;
			children = (
				7E51BC5529D51CB200D6D33C /* ChecksView.swift */,
			);
			path = Checks;
			sourceTree = "<group>";
		};
		7E51BC4C29D51C2400D6D33C /* Employees */ = {
			isa = PBXGroup;
			children = (
				7E51BC5729D51CD300D6D33C /* EmployeesView.swift */,
			);
			path = Employees;
			sourceTree = "<group>";
		};
		7E51BC4D29D51C2D00D6D33C /* Spendings */ = {
			isa = PBXGroup;
			children = (
				7E51BC5929D51CD900D6D33C /* SpendingsView.swift */,
			);
			path = Spendings;
			sourceTree = "<group>";
		};
		7E51BC4E29D51C3400D6D33C /* Beneficiarios */ = {
			isa = PBXGroup;
			children = (
				7E51BC5B29D51CE400D6D33C /* BeneficiariosView.swift */,
			);
			path = Beneficiarios;
			sourceTree = "<group>";
		};
		7E51BC4F29D51C3E00D6D33C /* PayRoll */ = {
			isa = PBXGroup;
			children = (
				7E51BC5D29D51CF400D6D33C /* PayRollView.swift */,
			);
			path = PayRoll;
			sourceTree = "<group>";
		};
		7E51BC5029D51C5300D6D33C /* Contador */ = {
			isa = PBXGroup;
			children = (
				7E51BC5F29D51CFC00D6D33C /* ContadorView.swift */,
			);
			path = Contador;
			sourceTree = "<group>";
		};
		7E51BC6A29D5408300D6D33C /* Styles */ = {
			isa = PBXGroup;
			children = (
				7E51BC6B29D540AD00D6D33C /* Styles.swift */,
				A79E11152A798EE3004D59C8 /* EditableEmail.swift */,
				A7E185C32A81CE4300C71501 /* Sheet.swift */,
				A7E185C52A81D14100C71501 /* LoadingIfNotReady.swift */,
				A7E185C72A81D1A300C71501 /* WhiteArea.swift */,
				A7E185C92A81D1BA00C71501 /* ViewStruct.swift */,
				A7460F0E2A8996B400760BF3 /* EditableName.swift */,
				A7460F102A89979500760BF3 /* AlineColors.swift */,
				A79E077E2A8D408D007C0195 /* BoolsExtension.swift */,
				A772C4F72A965E4000B7632E /* Buttons.swift */,
				A7EDC38C2A9D21EA00C906A2 /* DecimalField.swift */,
			);
			path = Styles;
			sourceTree = "<group>";
		};
		7E51BC7629D5646600D6D33C /* Cuenta */ = {
			isa = PBXGroup;
			children = (
				7E51BC7729D5647D00D6D33C /* AccountView.swift */,
				A7A45D292A82CB2100871C62 /* AccountViews */,
				A7C300BD2A735DF3006439B8 /* Restaurants */,
			);
			path = Cuenta;
			sourceTree = "<group>";
		};
		7E51BC7929D565D400D6D33C /* SingIn */ = {
			isa = PBXGroup;
			children = (
				A72A46732A4E65D5008CA2EE /* LoadingView.swift */,
				7E51BC7A29D565F400D6D33C /* LogInView.swift */,
				7E51BC7C29D5660000D6D33C /* SignInView.swift */,
				7E6837A329D865D400356B52 /* iCloudOffView.swift */,
			);
			path = SingIn;
			sourceTree = "<group>";
		};
		7E80B12929DDEEC1006CAC82 /* CashOut */ = {
			isa = PBXGroup;
			children = (
				7E80B12A29DDEED0006CAC82 /* CashOutView.swift */,
				A78AD5092A9F06ED005495E7 /* SalesCashOutView.swift */,
				A78AD50B2A9F7747005495E7 /* TipsCashOutView.swift */,
			);
			path = CashOut;
			sourceTree = "<group>";
		};
		A74530642A5F735400D7D890 /* Models */ = {
			isa = PBXGroup;
			children = (
				7E51BC6F29D5562B00D6D33C /* User.swift */,
				7E697DFF29D60B7400C500FA /* Restaurant.swift */,
				A78AD50D2A9F8B5B005495E7 /* Sale.swift */,
				7E51BC6129D51E1000D6D33C /* Employee.swift */,
				7E51BC6729D5398400D6D33C /* Contador.swift */,
				7E228BBD29E1222C00C363FB /* ExpenseType.swift */,
				7E228BBF29E12F2800C363FB /* Expense.swift */,
				7E51BC6D29D5433400D6D33C /* Deposit.swift */,
				A70C61C02A7AB2BF005D640E /* Conection.swift */,
			);
			path = Models;
			sourceTree = "<group>";
		};
		A74530662A5F954C00D7D890 /* ViewModels */ = {
			isa = PBXGroup;
			children = (
				7E51BC7429D55EE800D6D33C /* UserViewModel.swift */,
				7E697E2729D66BF500C500FA /* RestaurantViewModel.swift */,
				7E80B14629DFF03A006CAC82 /* EmployeeViewModel.swift */,
				7ED03AAC29E64FEE00707A18 /* ExpenseViewModel.swift */,
				A7A9F7BC2A5F9869000F7554 /* DepositViewModel.swift */,
				A7CE7CCC2A73527F00CFC930 /* ConectionViewModel.swift */,
				A78AD50F2A9F91EF005495E7 /* SaleViewModel.swift */,
			);
			path = ViewModels;
			sourceTree = "<group>";
		};
		A74530672A5F956500D7D890 /* View */ = {
			isa = PBXGroup;
			children = (
				7E51BC7929D565D400D6D33C /* SingIn */,
				7E51BC4729D51BD000D6D33C /* Menu */,
				7E51BC6A29D5408300D6D33C /* Styles */,
			);
			path = View;
			sourceTree = "<group>";
		};
		A78AD52D2AA183BE005495E7 /* Extensions */ = {
			isa = PBXGroup;
			children = (
				A78AD52E2AA183DC005495E7 /* Collection.swift */,
				A73646DC2A93DFCE00FB5488 /* DateFormatting.swift */,
			);
			path = Extensions;
			sourceTree = "<group>";
		};
		A79687152A69978500EA29CE /* Configurations */ = {
			isa = PBXGroup;
			children = (
				A76BD6D52A66B703007043CC /* Keys.swift */,
				A79687162A69981B00EA29CE /* AccentColor.swift */,
				A712C47B2A828CFC001B9C50 /* AlertType.swift */,
				A772C4F92A967FC200B7632E /* Sections.swift */,
			);
			path = Configurations;
			sourceTree = "<group>";
		};
		A79E07802A8D4E1B007C0195 /* Camera */ = {
			isa = PBXGroup;
			children = (
				A79E07812A8D4E99007C0195 /* Camera.swift */,
			);
			path = Camera;
			sourceTree = "<group>";
		};
		A7A45D292A82CB2100871C62 /* AccountViews */ = {
			isa = PBXGroup;
			children = (
				A7A45D2A2A82CB4A00871C62 /* UserInformationView.swift */,
				A7A45D2C2A82CBC700871C62 /* RestaurantsListView.swift */,
				A7A45D2E2A82CCFB00871C62 /* ConectionsListView.swift */,
				A70C61C62A7ACBF3005D640E /* ConectionReceivedView.swift */,
			);
			path = AccountViews;
			sourceTree = "<group>";
		};
		A7BB726D2A73827100FFF5AC /* MailSender */ = {
			isa = PBXGroup;
			children = (
				A7BB726E2A7382AC00FFF5AC /* MailSMTP.swift */,
				A7BB72702A741B9A00FFF5AC /* VerifyLoginEmail.swift */,
				A7BB72742A74E29900FFF5AC /* VerifyNewEmail.swift */,
				A70C61C22A7AB82F005D640E /* ConectionInvitation.swift */,
			);
			path = MailSender;
			sourceTree = "<group>";
		};
		A7C300BD2A735DF3006439B8 /* Restaurants */ = {
			isa = PBXGroup;
			children = (
				A7B2D0092A58F8760087FE74 /* RestaurantView.swift */,
				A7C300BE2A735E06006439B8 /* Conection */,
			);
			path = Restaurants;
			sourceTree = "<group>";
		};
		A7C300BE2A735E06006439B8 /* Conection */ = {
			isa = PBXGroup;
			children = (
				A7C300BF2A735E2E006439B8 /* ConectionsView.swift */,
				A7C300C12A736232006439B8 /* ConectionView.swift */,
				A7D7E0EC2A79E08200886BC8 /* NewConectionView.swift */,
				A70C61C42A7AC1CC005D640E /* ConectionSentView.swift */,
			);
			path = Conection;
			sourceTree = "<group>";
		};
/* End PBXGroup section */

/* Begin PBXNativeTarget section */
		7E4460D229D49EFD00CC13A8 /* Aline */ = {
			isa = PBXNativeTarget;
			buildConfigurationList = 7E4460F729D49EFE00CC13A8 /* Build configuration list for PBXNativeTarget "Aline" */;
			buildPhases = (
				7E4460CF29D49EFD00CC13A8 /* Sources */,
				7E4460D029D49EFD00CC13A8 /* Frameworks */,
				7E4460D129D49EFD00CC13A8 /* Resources */,
			);
			buildRules = (
			);
			dependencies = (
			);
			name = Aline;
			packageProductDependencies = (
				A7BB726B2A73825900FFF5AC /* MailCore2 */,
			);
			productName = Jalisco_Dashboard;
			productReference = A7C329A92A69A23B002B4E41 /* Aline.app */;
			productType = "com.apple.product-type.application";
		};
		7E4460E229D49EFE00CC13A8 /* AlineTests */ = {
			isa = PBXNativeTarget;
			buildConfigurationList = 7E4460FA29D49EFE00CC13A8 /* Build configuration list for PBXNativeTarget "AlineTests" */;
			buildPhases = (
				7E4460DF29D49EFE00CC13A8 /* Sources */,
				7E4460E029D49EFE00CC13A8 /* Frameworks */,
				7E4460E129D49EFE00CC13A8 /* Resources */,
			);
			buildRules = (
			);
			dependencies = (
				7E4460E529D49EFE00CC13A8 /* PBXTargetDependency */,
			);
			name = AlineTests;
			productName = Jalisco_DashboardTests;
			productReference = A747B77B2A6AEEBA00FBB2E4 /* AlineTests.xctest */;
			productType = "com.apple.product-type.bundle.unit-test";
		};
		7E4460EC29D49EFE00CC13A8 /* AlineUITests */ = {
			isa = PBXNativeTarget;
			buildConfigurationList = 7E4460FD29D49EFE00CC13A8 /* Build configuration list for PBXNativeTarget "AlineUITests" */;
			buildPhases = (
				7E4460E929D49EFE00CC13A8 /* Sources */,
				7E4460EA29D49EFE00CC13A8 /* Frameworks */,
				7E4460EB29D49EFE00CC13A8 /* Resources */,
			);
			buildRules = (
			);
			dependencies = (
				7E4460EF29D49EFE00CC13A8 /* PBXTargetDependency */,
			);
			name = AlineUITests;
			productName = Jalisco_DashboardUITests;
			productReference = A747B77C2A6AEEBA00FBB2E4 /* AlineUITests.xctest */;
			productType = "com.apple.product-type.bundle.ui-testing";
		};
/* End PBXNativeTarget section */

/* Begin PBXProject section */
		7E4460CB29D49EFD00CC13A8 /* Project object */ = {
			isa = PBXProject;
			attributes = {
				BuildIndependentTargetsInParallel = 1;
				LastSwiftUpdateCheck = 1420;
				LastUpgradeCheck = 1500;
				TargetAttributes = {
					7E4460D229D49EFD00CC13A8 = {
						CreatedOnToolsVersion = 14.2;
					};
					7E4460E229D49EFE00CC13A8 = {
						CreatedOnToolsVersion = 14.2;
						TestTargetID = 7E4460D229D49EFD00CC13A8;
					};
					7E4460EC29D49EFE00CC13A8 = {
						CreatedOnToolsVersion = 14.2;
						TestTargetID = 7E4460D229D49EFD00CC13A8;
					};
				};
			};
			buildConfigurationList = 7E4460CE29D49EFD00CC13A8 /* Build configuration list for PBXProject "Aline" */;
			compatibilityVersion = "Xcode 14.0";
			developmentRegion = "es-MX";
			hasScannedForEncodings = 0;
			knownRegions = (
				en,
				Base,
				"es-MX",
			);
			mainGroup = 7E4460CA29D49EFD00CC13A8;
			packageReferences = (
				A7BB726A2A73825900FFF5AC /* XCRemoteSwiftPackageReference "mailcore2" */,
			);
			productRefGroup = 7E4460CA29D49EFD00CC13A8;
			projectDirPath = "";
			projectRoot = "";
			targets = (
				7E4460D229D49EFD00CC13A8 /* Aline */,
				7E4460E229D49EFE00CC13A8 /* AlineTests */,
				7E4460EC29D49EFE00CC13A8 /* AlineUITests */,
			);
		};
/* End PBXProject section */

/* Begin PBXResourcesBuildPhase section */
		7E4460D129D49EFD00CC13A8 /* Resources */ = {
			isa = PBXResourcesBuildPhase;
			buildActionMask = 2147483647;
			files = (
				7E4460DE29D49EFE00CC13A8 /* Preview Assets.xcassets in Resources */,
				7E4460DB29D49EFE00CC13A8 /* Assets.xcassets in Resources */,
			);
			runOnlyForDeploymentPostprocessing = 0;
		};
		7E4460E129D49EFE00CC13A8 /* Resources */ = {
			isa = PBXResourcesBuildPhase;
			buildActionMask = 2147483647;
			files = (
			);
			runOnlyForDeploymentPostprocessing = 0;
		};
		7E4460EB29D49EFE00CC13A8 /* Resources */ = {
			isa = PBXResourcesBuildPhase;
			buildActionMask = 2147483647;
			files = (
			);
			runOnlyForDeploymentPostprocessing = 0;
		};
/* End PBXResourcesBuildPhase section */

/* Begin PBXSourcesBuildPhase section */
		7E4460CF29D49EFD00CC13A8 /* Sources */ = {
			isa = PBXSourcesBuildPhase;
			buildActionMask = 2147483647;
			files = (
				A78AD50A2A9F06ED005495E7 /* SalesCashOutView.swift in Sources */,
				A7D7E0ED2A79E08200886BC8 /* NewConectionView.swift in Sources */,
				7E51BC4629D4C1A700D6D33C /* SalesView.swift in Sources */,
				A72A46742A4E65D5008CA2EE /* LoadingView.swift in Sources */,
				A7E185CA2A81D1BA00C71501 /* ViewStruct.swift in Sources */,
				A79687172A69981B00EA29CE /* AccentColor.swift in Sources */,
				7E51BC6229D51E1000D6D33C /* Employee.swift in Sources */,
				7E51BC5629D51CB200D6D33C /* ChecksView.swift in Sources */,
				A76BD6D62A66B703007043CC /* Keys.swift in Sources */,
				7E51BC7029D5562B00D6D33C /* User.swift in Sources */,
				A79E11162A798EE3004D59C8 /* EditableEmail.swift in Sources */,
				A712C47C2A828CFC001B9C50 /* AlertType.swift in Sources */,
				A7B2D00A2A58F8760087FE74 /* RestaurantView.swift in Sources */,
				7E51BC5229D51C9A00D6D33C /* TipsView.swift in Sources */,
				7E51BC6829D5398400D6D33C /* Contador.swift in Sources */,
				A7E185C42A81CE4300C71501 /* Sheet.swift in Sources */,
				A772C4F82A965E4000B7632E /* Buttons.swift in Sources */,
				A7A45D2B2A82CB4A00871C62 /* UserInformationView.swift in Sources */,
				A79E07822A8D4E99007C0195 /* Camera.swift in Sources */,
				A7460F0F2A8996B400760BF3 /* EditableName.swift in Sources */,
				A7C300C02A735E2E006439B8 /* ConectionsView.swift in Sources */,
				A7BB72752A74E29900FFF5AC /* VerifyNewEmail.swift in Sources */,
				A78AD52F2AA183DC005495E7 /* Collection.swift in Sources */,
				7E80B12B29DDEED0006CAC82 /* CashOutView.swift in Sources */,
				A70C61C12A7AB2BF005D640E /* Conection.swift in Sources */,
				A70C61C32A7AB82F005D640E /* ConectionInvitation.swift in Sources */,
				A78AD5102A9F91EF005495E7 /* SaleViewModel.swift in Sources */,
				7E51BC6E29D5433400D6D33C /* Deposit.swift in Sources */,
				7E51BC5A29D51CD900D6D33C /* SpendingsView.swift in Sources */,
				A7E185C82A81D1A300C71501 /* WhiteArea.swift in Sources */,
				A78AD50E2A9F8B5B005495E7 /* Sale.swift in Sources */,
				7E51BC5429D51CAA00D6D33C /* DepositsView.swift in Sources */,
				7E51BC5829D51CD300D6D33C /* EmployeesView.swift in Sources */,
				A7A45D2F2A82CCFB00871C62 /* ConectionsListView.swift in Sources */,
				7E51BC7D29D5660000D6D33C /* SignInView.swift in Sources */,
				A7460F112A89979500760BF3 /* AlineColors.swift in Sources */,
				A7EDC38D2A9D21EA00C906A2 /* DecimalField.swift in Sources */,
				A78AD50C2A9F7747005495E7 /* TipsCashOutView.swift in Sources */,
				7E51BC7529D55EE800D6D33C /* UserViewModel.swift in Sources */,
				7E6837A429D865D400356B52 /* iCloudOffView.swift in Sources */,
				A7A45D2D2A82CBC700871C62 /* RestaurantsListView.swift in Sources */,
				7E782A5329D4BDC200556F99 /* MenuView.swift in Sources */,
				A73646DD2A93DFCE00FB5488 /* DateFormatting.swift in Sources */,
				A7A9F7BD2A5F9869000F7554 /* DepositViewModel.swift in Sources */,
				7E51BC7B29D565F400D6D33C /* LogInView.swift in Sources */,
				7E80B14729DFF03A006CAC82 /* EmployeeViewModel.swift in Sources */,
				A7BB726F2A7382AC00FFF5AC /* MailSMTP.swift in Sources */,
				A70C61C72A7ACBF3005D640E /* ConectionReceivedView.swift in Sources */,
				7E51BC6029D51CFC00D6D33C /* ContadorView.swift in Sources */,
				7E697E0029D60B7400C500FA /* Restaurant.swift in Sources */,
				A7BB72712A741B9A00FFF5AC /* VerifyLoginEmail.swift in Sources */,
				7E228BC029E12F2800C363FB /* Expense.swift in Sources */,
				A79E077F2A8D408D007C0195 /* BoolsExtension.swift in Sources */,
				A772C4FA2A967FC200B7632E /* Sections.swift in Sources */,
				A7C300C22A736232006439B8 /* ConectionView.swift in Sources */,
				7E697E2829D66BF500C500FA /* RestaurantViewModel.swift in Sources */,
				7E51BC7829D5647D00D6D33C /* AccountView.swift in Sources */,
				A70C61C52A7AC1CC005D640E /* ConectionSentView.swift in Sources */,
				7E51BC6C29D540AD00D6D33C /* Styles.swift in Sources */,
				7E4460D929D49EFD00CC13A8 /* ContentView.swift in Sources */,
				7E4460D729D49EFD00CC13A8 /* AlineApp.swift in Sources */,
				7E51BC5C29D51CE400D6D33C /* BeneficiariosView.swift in Sources */,
				7ED03AAD29E64FEE00707A18 /* ExpenseViewModel.swift in Sources */,
				7E51BC5E29D51CF400D6D33C /* PayRollView.swift in Sources */,
				A7CE7CCD2A73527F00CFC930 /* ConectionViewModel.swift in Sources */,
				A7E185C62A81D14100C71501 /* LoadingIfNotReady.swift in Sources */,
				7E228BBE29E1222C00C363FB /* ExpenseType.swift in Sources */,
			);
			runOnlyForDeploymentPostprocessing = 0;
		};
		7E4460DF29D49EFE00CC13A8 /* Sources */ = {
			isa = PBXSourcesBuildPhase;
			buildActionMask = 2147483647;
			files = (
			);
			runOnlyForDeploymentPostprocessing = 0;
		};
		7E4460E929D49EFE00CC13A8 /* Sources */ = {
			isa = PBXSourcesBuildPhase;
			buildActionMask = 2147483647;
			files = (
			);
			runOnlyForDeploymentPostprocessing = 0;
		};
/* End PBXSourcesBuildPhase section */

/* Begin PBXTargetDependency section */
		7E4460E529D49EFE00CC13A8 /* PBXTargetDependency */ = {
			isa = PBXTargetDependency;
			target = 7E4460D229D49EFD00CC13A8 /* Aline */;
			targetProxy = 7E4460E429D49EFE00CC13A8 /* PBXContainerItemProxy */;
		};
		7E4460EF29D49EFE00CC13A8 /* PBXTargetDependency */ = {
			isa = PBXTargetDependency;
			target = 7E4460D229D49EFD00CC13A8 /* Aline */;
			targetProxy = 7E4460EE29D49EFE00CC13A8 /* PBXContainerItemProxy */;
		};
/* End PBXTargetDependency section */

/* Begin XCBuildConfiguration section */
		7E4460F529D49EFE00CC13A8 /* Debug */ = {
			isa = XCBuildConfiguration;
			buildSettings = {
				ALWAYS_SEARCH_USER_PATHS = NO;
				CLANG_ANALYZER_NONNULL = YES;
				CLANG_ANALYZER_NUMBER_OBJECT_CONVERSION = YES_AGGRESSIVE;
				CLANG_CXX_LANGUAGE_STANDARD = "gnu++20";
				CLANG_ENABLE_MODULES = YES;
				CLANG_ENABLE_OBJC_ARC = YES;
				CLANG_ENABLE_OBJC_WEAK = YES;
				CLANG_WARN_BLOCK_CAPTURE_AUTORELEASING = YES;
				CLANG_WARN_BOOL_CONVERSION = YES;
				CLANG_WARN_COMMA = YES;
				CLANG_WARN_CONSTANT_CONVERSION = YES;
				CLANG_WARN_DEPRECATED_OBJC_IMPLEMENTATIONS = YES;
				CLANG_WARN_DIRECT_OBJC_ISA_USAGE = YES_ERROR;
				CLANG_WARN_DOCUMENTATION_COMMENTS = YES;
				CLANG_WARN_EMPTY_BODY = YES;
				CLANG_WARN_ENUM_CONVERSION = YES;
				CLANG_WARN_INFINITE_RECURSION = YES;
				CLANG_WARN_INT_CONVERSION = YES;
				CLANG_WARN_NON_LITERAL_NULL_CONVERSION = YES;
				CLANG_WARN_OBJC_IMPLICIT_RETAIN_SELF = YES;
				CLANG_WARN_OBJC_LITERAL_CONVERSION = YES;
				CLANG_WARN_OBJC_ROOT_CLASS = YES_ERROR;
				CLANG_WARN_QUOTED_INCLUDE_IN_FRAMEWORK_HEADER = YES;
				CLANG_WARN_RANGE_LOOP_ANALYSIS = YES;
				CLANG_WARN_STRICT_PROTOTYPES = YES;
				CLANG_WARN_SUSPICIOUS_MOVE = YES;
				CLANG_WARN_UNGUARDED_AVAILABILITY = YES_AGGRESSIVE;
				CLANG_WARN_UNREACHABLE_CODE = YES;
				CLANG_WARN__DUPLICATE_METHOD_MATCH = YES;
				COPY_PHASE_STRIP = NO;
				DEBUG_INFORMATION_FORMAT = dwarf;
				ENABLE_STRICT_OBJC_MSGSEND = YES;
				ENABLE_TESTABILITY = YES;
				ENABLE_USER_SCRIPT_SANDBOXING = YES;
				GCC_C_LANGUAGE_STANDARD = gnu11;
				GCC_DYNAMIC_NO_PIC = NO;
				GCC_NO_COMMON_BLOCKS = YES;
				GCC_OPTIMIZATION_LEVEL = 0;
				GCC_PREPROCESSOR_DEFINITIONS = (
					"DEBUG=1",
					"$(inherited)",
				);
				GCC_WARN_64_TO_32_BIT_CONVERSION = YES;
				GCC_WARN_ABOUT_RETURN_TYPE = YES_ERROR;
				GCC_WARN_UNDECLARED_SELECTOR = YES;
				GCC_WARN_UNINITIALIZED_AUTOS = YES_AGGRESSIVE;
				GCC_WARN_UNUSED_FUNCTION = YES;
				GCC_WARN_UNUSED_VARIABLE = YES;
				IPHONEOS_DEPLOYMENT_TARGET = 17.0;
				MTL_ENABLE_DEBUG_INFO = INCLUDE_SOURCE;
				MTL_FAST_MATH = YES;
				ONLY_ACTIVE_ARCH = YES;
				SDKROOT = iphoneos;
				SWIFT_ACTIVE_COMPILATION_CONDITIONS = DEBUG;
				SWIFT_OPTIMIZATION_LEVEL = "-Onone";
			};
			name = Debug;
		};
		7E4460F629D49EFE00CC13A8 /* Release */ = {
			isa = XCBuildConfiguration;
			buildSettings = {
				ALWAYS_SEARCH_USER_PATHS = NO;
				CLANG_ANALYZER_NONNULL = YES;
				CLANG_ANALYZER_NUMBER_OBJECT_CONVERSION = YES_AGGRESSIVE;
				CLANG_CXX_LANGUAGE_STANDARD = "gnu++20";
				CLANG_ENABLE_MODULES = YES;
				CLANG_ENABLE_OBJC_ARC = YES;
				CLANG_ENABLE_OBJC_WEAK = YES;
				CLANG_WARN_BLOCK_CAPTURE_AUTORELEASING = YES;
				CLANG_WARN_BOOL_CONVERSION = YES;
				CLANG_WARN_COMMA = YES;
				CLANG_WARN_CONSTANT_CONVERSION = YES;
				CLANG_WARN_DEPRECATED_OBJC_IMPLEMENTATIONS = YES;
				CLANG_WARN_DIRECT_OBJC_ISA_USAGE = YES_ERROR;
				CLANG_WARN_DOCUMENTATION_COMMENTS = YES;
				CLANG_WARN_EMPTY_BODY = YES;
				CLANG_WARN_ENUM_CONVERSION = YES;
				CLANG_WARN_INFINITE_RECURSION = YES;
				CLANG_WARN_INT_CONVERSION = YES;
				CLANG_WARN_NON_LITERAL_NULL_CONVERSION = YES;
				CLANG_WARN_OBJC_IMPLICIT_RETAIN_SELF = YES;
				CLANG_WARN_OBJC_LITERAL_CONVERSION = YES;
				CLANG_WARN_OBJC_ROOT_CLASS = YES_ERROR;
				CLANG_WARN_QUOTED_INCLUDE_IN_FRAMEWORK_HEADER = YES;
				CLANG_WARN_RANGE_LOOP_ANALYSIS = YES;
				CLANG_WARN_STRICT_PROTOTYPES = YES;
				CLANG_WARN_SUSPICIOUS_MOVE = YES;
				CLANG_WARN_UNGUARDED_AVAILABILITY = YES_AGGRESSIVE;
				CLANG_WARN_UNREACHABLE_CODE = YES;
				CLANG_WARN__DUPLICATE_METHOD_MATCH = YES;
				COPY_PHASE_STRIP = NO;
				DEBUG_INFORMATION_FORMAT = "dwarf-with-dsym";
				ENABLE_NS_ASSERTIONS = NO;
				ENABLE_STRICT_OBJC_MSGSEND = YES;
				ENABLE_USER_SCRIPT_SANDBOXING = YES;
				GCC_C_LANGUAGE_STANDARD = gnu11;
				GCC_NO_COMMON_BLOCKS = YES;
				GCC_WARN_64_TO_32_BIT_CONVERSION = YES;
				GCC_WARN_ABOUT_RETURN_TYPE = YES_ERROR;
				GCC_WARN_UNDECLARED_SELECTOR = YES;
				GCC_WARN_UNINITIALIZED_AUTOS = YES_AGGRESSIVE;
				GCC_WARN_UNUSED_FUNCTION = YES;
				GCC_WARN_UNUSED_VARIABLE = YES;
				IPHONEOS_DEPLOYMENT_TARGET = 17.0;
				MTL_ENABLE_DEBUG_INFO = NO;
				MTL_FAST_MATH = YES;
				SDKROOT = iphoneos;
				SWIFT_COMPILATION_MODE = wholemodule;
				SWIFT_OPTIMIZATION_LEVEL = "-O";
				VALIDATE_PRODUCT = YES;
			};
			name = Release;
		};
		7E4460F829D49EFE00CC13A8 /* Debug */ = {
			isa = XCBuildConfiguration;
			buildSettings = {
				ASSETCATALOG_COMPILER_APPICON_NAME = AppIcon;
				ASSETCATALOG_COMPILER_GLOBAL_ACCENT_COLOR_NAME = AccentColor;
				ASSETCATALOG_COMPILER_INCLUDE_ALL_APPICON_ASSETS = NO;
				CODE_SIGN_ENTITLEMENTS = Aline/Aline.entitlements;
				CODE_SIGN_STYLE = Automatic;
				CURRENT_PROJECT_VERSION = 1;
				DEVELOPMENT_ASSET_PATHS = "\"Aline/Preview Content\"";
				DEVELOPMENT_TEAM = T2WHR22U8R;
				ENABLE_PREVIEWS = YES;
				GENERATE_INFOPLIST_FILE = YES;
				INFOPLIST_FILE = "Aline-Info.plist";
				INFOPLIST_KEY_CFBundleDisplayName = Aline;
				INFOPLIST_KEY_LSApplicationCategoryType = "public.app-category.business";
				INFOPLIST_KEY_NSCameraUsageDescription = "";
				INFOPLIST_KEY_NSFaceIDUsageDescription = "";
				INFOPLIST_KEY_UIApplicationSceneManifest_Generation = YES;
				INFOPLIST_KEY_UIApplicationSupportsIndirectInputEvents = YES;
				INFOPLIST_KEY_UILaunchScreen_Generation = YES;
				INFOPLIST_KEY_UILaunchStoryboardName = "";
				INFOPLIST_KEY_UISupportedInterfaceOrientations_iPad = "UIInterfaceOrientationPortrait UIInterfaceOrientationPortraitUpsideDown UIInterfaceOrientationLandscapeLeft UIInterfaceOrientationLandscapeRight";
				INFOPLIST_KEY_UISupportedInterfaceOrientations_iPhone = "UIInterfaceOrientationPortrait UIInterfaceOrientationLandscapeLeft UIInterfaceOrientationLandscapeRight";
				IPHONEOS_DEPLOYMENT_TARGET = 17.0;
				LD_RUNPATH_SEARCH_PATHS = (
					"$(inherited)",
					"@executable_path/Frameworks",
				);
				MARKETING_VERSION = 1.0;
				PRODUCT_BUNDLE_IDENTIFIER = lIOException.Aline;
				PRODUCT_NAME = "$(TARGET_NAME)";
				SUPPORTED_PLATFORMS = "iphoneos iphonesimulator";
				SUPPORTS_MACCATALYST = NO;
				SUPPORTS_MAC_DESIGNED_FOR_IPHONE_IPAD = YES;
				SUPPORTS_XR_DESIGNED_FOR_IPHONE_IPAD = NO;
				SWIFT_EMIT_LOC_STRINGS = YES;
				SWIFT_VERSION = 5.0;
				TARGETED_DEVICE_FAMILY = "1,2";
			};
			name = Debug;
		};
		7E4460F929D49EFE00CC13A8 /* Release */ = {
			isa = XCBuildConfiguration;
			buildSettings = {
				ASSETCATALOG_COMPILER_APPICON_NAME = AppIcon;
				ASSETCATALOG_COMPILER_GLOBAL_ACCENT_COLOR_NAME = AccentColor;
				ASSETCATALOG_COMPILER_INCLUDE_ALL_APPICON_ASSETS = NO;
				CODE_SIGN_ENTITLEMENTS = Aline/Aline.entitlements;
				CODE_SIGN_STYLE = Automatic;
				CURRENT_PROJECT_VERSION = 1;
				DEVELOPMENT_ASSET_PATHS = "\"Aline/Preview Content\"";
				DEVELOPMENT_TEAM = T2WHR22U8R;
				ENABLE_PREVIEWS = YES;
				GENERATE_INFOPLIST_FILE = YES;
				INFOPLIST_FILE = "Aline-Info.plist";
				INFOPLIST_KEY_CFBundleDisplayName = Aline;
				INFOPLIST_KEY_LSApplicationCategoryType = "public.app-category.business";
				INFOPLIST_KEY_NSCameraUsageDescription = "";
				INFOPLIST_KEY_NSFaceIDUsageDescription = "";
				INFOPLIST_KEY_UIApplicationSceneManifest_Generation = YES;
				INFOPLIST_KEY_UIApplicationSupportsIndirectInputEvents = YES;
				INFOPLIST_KEY_UILaunchScreen_Generation = YES;
				INFOPLIST_KEY_UILaunchStoryboardName = "";
				INFOPLIST_KEY_UISupportedInterfaceOrientations_iPad = "UIInterfaceOrientationPortrait UIInterfaceOrientationPortraitUpsideDown UIInterfaceOrientationLandscapeLeft UIInterfaceOrientationLandscapeRight";
				INFOPLIST_KEY_UISupportedInterfaceOrientations_iPhone = "UIInterfaceOrientationPortrait UIInterfaceOrientationLandscapeLeft UIInterfaceOrientationLandscapeRight";
				IPHONEOS_DEPLOYMENT_TARGET = 17.0;
				LD_RUNPATH_SEARCH_PATHS = (
					"$(inherited)",
					"@executable_path/Frameworks",
				);
				MARKETING_VERSION = 1.0;
				PRODUCT_BUNDLE_IDENTIFIER = lIOException.Aline;
				PRODUCT_NAME = "$(TARGET_NAME)";
				SUPPORTED_PLATFORMS = "iphoneos iphonesimulator";
				SUPPORTS_MACCATALYST = NO;
				SUPPORTS_MAC_DESIGNED_FOR_IPHONE_IPAD = YES;
				SUPPORTS_XR_DESIGNED_FOR_IPHONE_IPAD = NO;
				SWIFT_EMIT_LOC_STRINGS = YES;
				SWIFT_VERSION = 5.0;
				TARGETED_DEVICE_FAMILY = "1,2";
			};
			name = Release;
		};
		7E4460FB29D49EFE00CC13A8 /* Debug */ = {
			isa = XCBuildConfiguration;
			buildSettings = {
				ALWAYS_EMBED_SWIFT_STANDARD_LIBRARIES = YES;
				CODE_SIGN_STYLE = Automatic;
				CURRENT_PROJECT_VERSION = 1;
				DEVELOPMENT_TEAM = T2WHR22U8R;
				GENERATE_INFOPLIST_FILE = YES;
				IPHONEOS_DEPLOYMENT_TARGET = 16.2;
				MARKETING_VERSION = 1.0;
				PRODUCT_BUNDLE_IDENTIFIER = "lIOException.Jalisco-DashboardTests";
				PRODUCT_NAME = "$(TARGET_NAME)";
				SWIFT_EMIT_LOC_STRINGS = NO;
				SWIFT_VERSION = 5.0;
				TARGETED_DEVICE_FAMILY = "1,2";
				TEST_HOST = "$(BUILT_PRODUCTS_DIR)/Aline.app/$(BUNDLE_EXECUTABLE_FOLDER_PATH)/Aline";
			};
			name = Debug;
		};
		7E4460FC29D49EFE00CC13A8 /* Release */ = {
			isa = XCBuildConfiguration;
			buildSettings = {
				ALWAYS_EMBED_SWIFT_STANDARD_LIBRARIES = YES;
				CODE_SIGN_STYLE = Automatic;
				CURRENT_PROJECT_VERSION = 1;
				DEVELOPMENT_TEAM = T2WHR22U8R;
				GENERATE_INFOPLIST_FILE = YES;
				IPHONEOS_DEPLOYMENT_TARGET = 16.2;
				MARKETING_VERSION = 1.0;
				PRODUCT_BUNDLE_IDENTIFIER = "lIOException.Jalisco-DashboardTests";
				PRODUCT_NAME = "$(TARGET_NAME)";
				SWIFT_EMIT_LOC_STRINGS = NO;
				SWIFT_VERSION = 5.0;
				TARGETED_DEVICE_FAMILY = "1,2";
				TEST_HOST = "$(BUILT_PRODUCTS_DIR)/Aline.app/$(BUNDLE_EXECUTABLE_FOLDER_PATH)/Aline";
			};
			name = Release;
		};
		7E4460FE29D49EFE00CC13A8 /* Debug */ = {
			isa = XCBuildConfiguration;
			buildSettings = {
				ALWAYS_EMBED_SWIFT_STANDARD_LIBRARIES = YES;
				"CODE_SIGN_IDENTITY[sdk=macosx*]" = "Apple Development";
				CODE_SIGN_STYLE = Automatic;
				CURRENT_PROJECT_VERSION = 1;
				DEVELOPMENT_TEAM = T2WHR22U8R;
				GENERATE_INFOPLIST_FILE = YES;
				MARKETING_VERSION = 1.0;
				PRODUCT_BUNDLE_IDENTIFIER = "lIOException.Jalisco-DashboardUITests";
				PRODUCT_NAME = "$(TARGET_NAME)";
				SWIFT_EMIT_LOC_STRINGS = NO;
				SWIFT_VERSION = 5.0;
				TARGETED_DEVICE_FAMILY = "1,2";
				TEST_TARGET_NAME = Jalisco_Dashboard;
			};
			name = Debug;
		};
		7E4460FF29D49EFE00CC13A8 /* Release */ = {
			isa = XCBuildConfiguration;
			buildSettings = {
				ALWAYS_EMBED_SWIFT_STANDARD_LIBRARIES = YES;
				"CODE_SIGN_IDENTITY[sdk=macosx*]" = "Apple Development";
				CODE_SIGN_STYLE = Automatic;
				CURRENT_PROJECT_VERSION = 1;
				DEVELOPMENT_TEAM = T2WHR22U8R;
				GENERATE_INFOPLIST_FILE = YES;
				MARKETING_VERSION = 1.0;
				PRODUCT_BUNDLE_IDENTIFIER = "lIOException.Jalisco-DashboardUITests";
				PRODUCT_NAME = "$(TARGET_NAME)";
				SWIFT_EMIT_LOC_STRINGS = NO;
				SWIFT_VERSION = 5.0;
				TARGETED_DEVICE_FAMILY = "1,2";
				TEST_TARGET_NAME = Jalisco_Dashboard;
			};
			name = Release;
		};
/* End XCBuildConfiguration section */

/* Begin XCConfigurationList section */
		7E4460CE29D49EFD00CC13A8 /* Build configuration list for PBXProject "Aline" */ = {
			isa = XCConfigurationList;
			buildConfigurations = (
				7E4460F529D49EFE00CC13A8 /* Debug */,
				7E4460F629D49EFE00CC13A8 /* Release */,
			);
			defaultConfigurationIsVisible = 0;
			defaultConfigurationName = Release;
		};
		7E4460F729D49EFE00CC13A8 /* Build configuration list for PBXNativeTarget "Aline" */ = {
			isa = XCConfigurationList;
			buildConfigurations = (
				7E4460F829D49EFE00CC13A8 /* Debug */,
				7E4460F929D49EFE00CC13A8 /* Release */,
			);
			defaultConfigurationIsVisible = 0;
			defaultConfigurationName = Release;
		};
		7E4460FA29D49EFE00CC13A8 /* Build configuration list for PBXNativeTarget "AlineTests" */ = {
			isa = XCConfigurationList;
			buildConfigurations = (
				7E4460FB29D49EFE00CC13A8 /* Debug */,
				7E4460FC29D49EFE00CC13A8 /* Release */,
			);
			defaultConfigurationIsVisible = 0;
			defaultConfigurationName = Release;
		};
		7E4460FD29D49EFE00CC13A8 /* Build configuration list for PBXNativeTarget "AlineUITests" */ = {
			isa = XCConfigurationList;
			buildConfigurations = (
				7E4460FE29D49EFE00CC13A8 /* Debug */,
				7E4460FF29D49EFE00CC13A8 /* Release */,
			);
			defaultConfigurationIsVisible = 0;
			defaultConfigurationName = Release;
		};
/* End XCConfigurationList section */

/* Begin XCRemoteSwiftPackageReference section */
		A7BB726A2A73825900FFF5AC /* XCRemoteSwiftPackageReference "mailcore2" */ = {
			isa = XCRemoteSwiftPackageReference;
			repositoryURL = "https://github.com/MailCore/mailcore2";
			requirement = {
				branch = master;
				kind = branch;
			};
		};
/* End XCRemoteSwiftPackageReference section */

/* Begin XCSwiftPackageProductDependency section */
		A7BB726B2A73825900FFF5AC /* MailCore2 */ = {
			isa = XCSwiftPackageProductDependency;
			package = A7BB726A2A73825900FFF5AC /* XCRemoteSwiftPackageReference "mailcore2" */;
			productName = MailCore2;
		};
/* End XCSwiftPackageProductDependency section */
	};
	rootObject = 7E4460CB29D49EFD00CC13A8 /* Project object */;
}
